
Microsoft Visual Studio Solution File, Format Version 12.00
# Visual Studio 14
VisualStudioVersion = 14.0.24720.0
MinimumVisualStudioVersion = 10.0.40219.1
Project("{FAE04EC0-301F-11D3-BF4B-00C04F79EFBC}") = "ShoppingWebservice", "ShoppingWebservice\ShoppingWebservice.csproj", "{ACED7CF2-C81B-4F59-940C-D698E18002E5}"
EndProject
Project("{FAE04EC0-301F-11D3-BF4B-00C04F79EFBC}") = "ShoppingWebservice.Tests", "ShoppingWebservice.Tests\ShoppingWebservice.Tests.csproj", "{0D8C5876-4FC9-47BA-822D-D54789DD510E}"
EndProject
Global
	GlobalSection(SolutionConfigurationPlatforms) = preSolution
		Debug|Any CPU = Debug|Any CPU
		Release|Any CPU = Release|Any CPU
	EndGlobalSection
	GlobalSection(ProjectConfigurationPlatforms) = postSolution
		{ACED7CF2-C81B-4F59-940C-D698E18002E5}.Debug|Any CPU.ActiveCfg = Debug|Any CPU
		{ACED7CF2-C81B-4F59-940C-D698E18002E5}.Debug|Any CPU.Build.0 = Debug|Any CPU
		{ACED7CF2-C81B-4F59-940C-D698E18002E5}.Release|Any CPU.ActiveCfg = Release|Any CPU
		{ACED7CF2-C81B-4F59-940C-D698E18002E5}.Release|Any CPU.Build.0 = Release|Any CPU
		{0D8C5876-4FC9-47BA-822D-D54789DD510E}.Debug|Any CPU.ActiveCfg = Debug|Any CPU
		{0D8C5876-4FC9-47BA-822D-D54789DD510E}.Debug|Any CPU.Build.0 = Debug|Any CPU
		{0D8C5876-4FC9-47BA-822D-D54789DD510E}.Release|Any CPU.ActiveCfg = Release|Any CPU
		{0D8C5876-4FC9-47BA-822D-D54789DD510E}.Release|Any CPU.Build.0 = Release|Any CPU
	EndGlobalSection
	GlobalSection(SolutionProperties) = preSolution
		HideSolutionNode = FALSE
	EndGlobalSection
EndGlobal
